{
  "name": "pid_sim",
  "version": "1.0.0",
  "lockfileVersion": 2,
  "requires": true,
  "packages": {
    "": {
      "name": "pid_sim",
      "version": "1.0.0",
      "license": "ISC",
      "dependencies": {
        "@mariusrumpf/pid-controller": "^1.0.0",
        "asciichart": "^1.5.25",
        "node-pid-controller": "^1.0.1"
      }
    },
    "node_modules/@mariusrumpf/pid-controller": {
      "version": "1.0.0",
      "resolved": "https://registry.npmjs.org/@mariusrumpf/pid-controller/-/pid-controller-1.0.0.tgz",
      "integrity": "sha512-ORUpuv06BYctr/TQu8xE3Jbfkb09KSwYtg09+vjTH3/owpuJoTs/4Aj+KFIO6Bqxtbzkt02vlUmqG+09KPwByg=="
    },
    "node_modules/asciichart": {
      "version": "1.5.25",
      "resolved": "https://registry.npmjs.org/asciichart/-/asciichart-1.5.25.tgz",
      "integrity": "sha512-PNxzXIPPOtWq8T7bgzBtk9cI2lgS4SJZthUHEiQ1aoIc3lNzGfUvIvo9LiAnq26TACo9t1/4qP6KTGAUbzX9Xg=="
    },
    "node_modules/node-pid-controller": {
      "version": "1.0.1",
      "resolved": "https://registry.npmjs.org/node-pid-controller/-/node-pid-controller-1.0.1.tgz",
      "integrity": "sha512-36gdeRz2emhIsznLpXksJSqmR13NU3vR+rkRlfHWCGGlZu9fK+dcTPRpud0FiH6b2Nhwm0kbcVk7vXFlg8Sw1w==",
      "engines": {
        "node": ">= v4.0.0"
      }
    }
  },
  "dependencies": {
    "@mariusrumpf/pid-controller": {
      "version": "1.0.0",
      "resolved": "https://registry.npmjs.org/@mariusrumpf/pid-controller/-/pid-controller-1.0.0.tgz",
      "integrity": "sha512-ORUpuv06BYctr/TQu8xE3Jbfkb09KSwYtg09+vjTH3/owpuJoTs/4Aj+KFIO6Bqxtbzkt02vlUmqG+09KPwByg=="
    },
    "asciichart": {
      "version": "1.5.25",
      "resolved": "https://registry.npmjs.org/asciichart/-/asciichart-1.5.25.tgz",
      "integrity": "sha512-PNxzXIPPOtWq8T7bgzBtk9cI2lgS4SJZthUHEiQ1aoIc3lNzGfUvIvo9LiAnq26TACo9t1/4qP6KTGAUbzX9Xg=="
    },
    "node-pid-controller": {
      "version": "1.0.1",
      "resolved": "https://registry.npmjs.org/node-pid-controller/-/node-pid-controller-1.0.1.tgz",
      "integrity": "sha512-36gdeRz2emhIsznLpXksJSqmR13NU3vR+rkRlfHWCGGlZu9fK+dcTPRpud0FiH6b2Nhwm0kbcVk7vXFlg8Sw1w=="
    }
  }
}
